// !$*UTF8*$!
{
	archiveVersion = 1;
	classes = {
	};
	objectVersion = 77;
	objects = {

/* Begin PBXContainerItemProxy section */
		55747CBD2E3B2A5E006A5E4C /* PBXContainerItemProxy */ = {
			isa = PBXContainerItemProxy;
			containerPortal = 55747CA72E3B2A5D006A5E4C /* Project object */;
			proxyType = 1;
			remoteGlobalIDString = 55747CAE2E3B2A5D006A5E4C;
			remoteInfo = "QA-image";
		};
		55747CC72E3B2A5E006A5E4C /* PBXContainerItemProxy */ = {
			isa = PBXContainerItemProxy;
			containerPortal = 55747CA72E3B2A5D006A5E4C /* Project object */;
			proxyType = 1;
			remoteGlobalIDString = 55747CAE2E3B2A5D006A5E4C;
			remoteInfo = "QA-image";
		};
/* End PBXContainerItemProxy section */

/* Begin PBXFileReference section */
		55747CAF2E3B2A5D006A5E4C /* QA-image.app */ = {isa = PBXFileReference; explicitFileType = wrapper.application; includeInIndex = 0; path = "QA-image.app"; sourceTree = BUILT_PRODUCTS_DIR; };
		55747CBC2E3B2A5E006A5E4C /* QA-imageTests.xctest */ = {isa = PBXFileReference; explicitFileType = wrapper.cfbundle; includeInIndex = 0; path = "QA-imageTests.xctest"; sourceTree = BUILT_PRODUCTS_DIR; };
		55747CC62E3B2A5E006A5E4C /* QA-imageUITests.xctest */ = {isa = PBXFileReference; explicitFileType = wrapper.cfbundle; includeInIndex = 0; path = "QA-imageUITests.xctest"; sourceTree = BUILT_PRODUCTS_DIR; };
/* End PBXFileReference section */

/* Begin PBXFileSystemSynchronizedRootGroup section */
		55747CB12E3B2A5D006A5E4C /* QA-image */ = {
			isa = PBXFileSystemSynchronizedRootGroup;
			path = "QA-image";
			sourceTree = "<group>";
		};
		55747CBF2E3B2A5E006A5E4C /* QA-imageTests */ = {
			isa = PBXFileSystemSynchronizedRootGroup;
			path = "QA-imageTests";
			sourceTree = "<group>";
		};
		55747CC92E3B2A5E006A5E4C /* QA-imageUITests */ = {
			isa = PBXFileSystemSynchronizedRootGroup;
			path = "QA-imageUITests";
			sourceTree = "<group>";
		};
/* End PBXFileSystemSynchronizedRootGroup section */

/* Begin PBXFrameworksBuildPhase section */
		55747CAC2E3B2A5D006A5E4C /* Frameworks */ = {
			isa = PBXFrameworksBuildPhase;
			buildActionMask = 2147483647;
			files = (
			);
			runOnlyForDeploymentPostprocessing = 0;
		};
		55747CB92E3B2A5E006A5E4C /* Frameworks */ = {
			isa = PBXFrameworksBuildPhase;
			buildActionMask = 2147483647;
			files = (
			);
			runOnlyForDeploymentPostprocessing = 0;
		};
		55747CC32E3B2A5E006A5E4C /* Frameworks */ = {
			isa = PBXFrameworksBuildPhase;
			buildActionMask = 2147483647;
			files = (
			);
			runOnlyForDeploymentPostprocessing = 0;
		};
/* End PBXFrameworksBuildPhase section */

/* Begin PBXGroup section */
		55747CA62E3B2A5D006A5E4C = {
			isa = PBXGroup;
			children = (
				55747CB12E3B2A5D006A5E4C /* QA-image */,
				55747CBF2E3B2A5E006A5E4C /* QA-imageTests */,
				55747CC92E3B2A5E006A5E4C /* QA-imageUITests */,
				55747CB02E3B2A5D006A5E4C /* Products */,
			);
			sourceTree = "<group>";
		};
		55747CB02E3B2A5D006A5E4C /* Products */ = {
			isa = PBXGroup;
			children = (
				55747CAF2E3B2A5D006A5E4C /* QA-image.app */,
				55747CBC2E3B2A5E006A5E4C /* QA-imageTests.xctest */,
				55747CC62E3B2A5E006A5E4C /* QA-imageUITests.xctest */,
			);
			name = Products;
			sourceTree = "<group>";
		};
/* End PBXGroup section */

/* Begin PBXNativeTarget section */
		55747CAE2E3B2A5D006A5E4C /* QA-image */ = {
			isa = PBXNativeTarget;
			buildConfigurationList = 55747CD02E3B2A5E006A5E4C /* Build configuration list for PBXNativeTarget "QA-image" */;
			buildPhases = (
				55747CAB2E3B2A5D006A5E4C /* Sources */,
				55747CAC2E3B2A5D006A5E4C /* Frameworks */,
				55747CAD2E3B2A5D006A5E4C /* Resources */,
			);
			buildRules = (
			);
			dependencies = (
			);
			fileSystemSynchronizedGroups = (
				55747CB12E3B2A5D006A5E4C /* QA-image */,
			);
			name = "QA-image";
			packageProductDependencies = (
			);
			productName = "QA-image";
			productReference = 55747CAF2E3B2A5D006A5E4C /* QA-image.app */;
			productType = "com.apple.product-type.application";
		};
		55747CBB2E3B2A5E006A5E4C /* QA-imageTests */ = {
			isa = PBXNativeTarget;
			buildConfigurationList = 55747CD32E3B2A5E006A5E4C /* Build configuration list for PBXNativeTarget "QA-imageTests" */;
			buildPhases = (
				55747CB82E3B2A5E006A5E4C /* Sources */,
				55747CB92E3B2A5E006A5E4C /* Frameworks */,
				55747CBA2E3B2A5E006A5E4C /* Resources */,
			);
			buildRules = (
			);
			dependencies = (
				55747CBE2E3B2A5E006A5E4C /* PBXTargetDependency */,
			);
			fileSystemSynchronizedGroups = (
				55747CBF2E3B2A5E006A5E4C /* QA-imageTests */,
			);
			name = "QA-imageTests";
			packageProductDependencies = (
			);
			productName = "QA-imageTests";
			productReference = 55747CBC2E3B2A5E006A5E4C /* QA-imageTests.xctest */;
			productType = "com.apple.product-type.bundle.unit-test";
		};
		55747CC52E3B2A5E006A5E4C /* QA-imageUITests */ = {
			isa = PBXNativeTarget;
			buildConfigurationList = 55747CD62E3B2A5E006A5E4C /* Build configuration list for PBXNativeTarget "QA-imageUITests" */;
			buildPhases = (
				55747CC22E3B2A5E006A5E4C /* Sources */,
				55747CC32E3B2A5E006A5E4C /* Frameworks */,
				55747CC42E3B2A5E006A5E4C /* Resources */,
			);
			buildRules = (
			);
			dependencies = (
				55747CC82E3B2A5E006A5E4C /* PBXTargetDependency */,
			);
			fileSystemSynchronizedGroups = (
				55747CC92E3B2A5E006A5E4C /* QA-imageUITests */,
			);
			name = "QA-imageUITests";
			packageProductDependencies = (
			);
			productName = "QA-imageUITests";
			productReference = 55747CC62E3B2A5E006A5E4C /* QA-imageUITests.xctest */;
			productType = "com.apple.product-type.bundle.ui-testing";
		};
/* End PBXNativeTarget section */

/* Begin PBXProject section */
		55747CA72E3B2A5D006A5E4C /* Project object */ = {
			isa = PBXProject;
			attributes = {
				BuildIndependentTargetsInParallel = 1;
				LastSwiftUpdateCheck = 1640;
				LastUpgradeCheck = 1640;
				TargetAttributes = {
					55747CAE2E3B2A5D006A5E4C = {
						CreatedOnToolsVersion = 16.4;
					};
					55747CBB2E3B2A5E006A5E4C = {
						CreatedOnToolsVersion = 16.4;
						TestTargetID = 55747CAE2E3B2A5D006A5E4C;
					};
					55747CC52E3B2A5E006A5E4C = {
						CreatedOnToolsVersion = 16.4;
						TestTargetID = 55747CAE2E3B2A5D006A5E4C;
					};
				};
			};
			buildConfigurationList = 55747CAA2E3B2A5D006A5E4C /* Build configuration list for PBXProject "QA-image" */;
			developmentRegion = en;
			hasScannedForEncodings = 0;
			knownRegions = (
				en,
				Base,
			);
			mainGroup = 55747CA62E3B2A5D006A5E4C;
			minimizedProjectReferenceProxies = 1;
			preferredProjectObjectVersion = 77;
			productRefGroup = 55747CB02E3B2A5D006A5E4C /* Products */;
			projectDirPath = "";
			projectRoot = "";
			targets = (
				55747CAE2E3B2A5D006A5E4C /* QA-image */,
				55747CBB2E3B2A5E006A5E4C /* QA-imageTests */,
				55747CC52E3B2A5E006A5E4C /* QA-imageUITests */,
			);
		};
/* End PBXProject section */

/* Begin PBXResourcesBuildPhase section */
		55747CAD2E3B2A5D006A5E4C /* Resources */ = {
			isa = PBXResourcesBuildPhase;
			buildActionMask = 2147483647;
			files = (
			);
			runOnlyForDeploymentPostprocessing = 0;
		};
		55747CBA2E3B2A5E006A5E4C /* Resources */ = {
			isa = PBXResourcesBuildPhase;
			buildActionMask = 2147483647;
			files = (
			);
			runOnlyForDeploymentPostprocessing = 0;
		};
		55747CC42E3B2A5E006A5E4C /* Resources */ = {
			isa = PBXResourcesBuildPhase;
			buildActionMask = 2147483647;
			files = (
			);
			runOnlyForDeploymentPostprocessing = 0;
		};
/* End PBXResourcesBuildPhase section */

/* Begin PBXSourcesBuildPhase section */
		55747CAB2E3B2A5D006A5E4C /* Sources */ = {
			isa = PBXSourcesBuildPhase;
			buildActionMask = 2147483647;
			files = (
			);
			runOnlyForDeploymentPostprocessing = 0;
		};
		55747CB82E3B2A5E006A5E4C /* Sources */ = {
			isa = PBXSourcesBuildPhase;
			buildActionMask = 2147483647;
			files = (
			);
			runOnlyForDeploymentPostprocessing = 0;
		};
		55747CC22E3B2A5E006A5E4C /* Sources */ = {
			isa = PBXSourcesBuildPhase;
			buildActionMask = 2147483647;
			files = (
			);
			runOnlyForDeploymentPostprocessing = 0;
		};
/* End PBXSourcesBuildPhase section */

/* Begin PBXTargetDependency section */
		55747CBE2E3B2A5E006A5E4C /* PBXTargetDependency */ = {
			isa = PBXTargetDependency;
			target = 55747CAE2E3B2A5D006A5E4C /* QA-image */;
			targetProxy = 55747CBD2E3B2A5E006A5E4C /* PBXContainerItemProxy */;
		};
		55747CC82E3B2A5E006A5E4C /* PBXTargetDependency */ = {
			isa = PBXTargetDependency;
			target = 55747CAE2E3B2A5D006A5E4C /* QA-image */;
			targetProxy = 55747CC72E3B2A5E006A5E4C /* PBXContainerItemProxy */;
		};
/* End PBXTargetDependency section */

/* Begin XCBuildConfiguration section */
		55747CCE2E3B2A5E006A5E4C /* Debug */ = {
			isa = XCBuildConfiguration;
			buildSettings = {
				ALWAYS_SEARCH_USER_PATHS = NO;
				ASSETCATALOG_COMPILER_GENERATE_SWIFT_ASSET_SYMBOL_EXTENSIONS = YES;
				CLANG_ANALYZER_NONNULL = YES;
				CLANG_ANALYZER_NUMBER_OBJECT_CONVERSION = YES_AGGRESSIVE;
				CLANG_CXX_LANGUAGE_STANDARD = "gnu++20";
				CLANG_ENABLE_MODULES = YES;
				CLANG_ENABLE_OBJC_ARC = YES;
				CLANG_ENABLE_OBJC_WEAK = YES;
				CLANG_WARN_BLOCK_CAPTURE_AUTORELEASING = YES;
				CLANG_WARN_BOOL_CONVERSION = YES;
				CLANG_WARN_COMMA = YES;
				CLANG_WARN_CONSTANT_CONVERSION = YES;
				CLANG_WARN_DEPRECATED_OBJC_IMPLEMENTATIONS = YES;
				CLANG_WARN_DIRECT_OBJC_ISA_USAGE = YES_ERROR;
				CLANG_WARN_DOCUMENTATION_COMMENTS = YES;
				CLANG_WARN_EMPTY_BODY = YES;
				CLANG_WARN_ENUM_CONVERSION = YES;
				CLANG_WARN_INFINITE_RECURSION = YES;
				CLANG_WARN_INT_CONVERSION = YES;
				CLANG_WARN_NON_LITERAL_NULL_CONVERSION = YES;
				CLANG_WARN_OBJC_IMPLICIT_RETAIN_SELF = YES;
				CLANG_WARN_OBJC_LITERAL_CONVERSION = YES;
				CLANG_WARN_OBJC_ROOT_CLASS = YES_ERROR;
				CLANG_WARN_QUOTED_INCLUDE_IN_FRAMEWORK_HEADER = YES;
				CLANG_WARN_RANGE_LOOP_ANALYSIS = YES;
				CLANG_WARN_STRICT_PROTOTYPES = YES;
				CLANG_WARN_SUSPICIOUS_MOVE = YES;
				CLANG_WARN_UNGUARDED_AVAILABILITY = YES_AGGRESSIVE;
				CLANG_WARN_UNREACHABLE_CODE = YES;
				CLANG_WARN__DUPLICATE_METHOD_MATCH = YES;
				COPY_PHASE_STRIP = NO;
				DEBUG_INFORMATION_FORMAT = dwarf;
				ENABLE_STRICT_OBJC_MSGSEND = YES;
				ENABLE_TESTABILITY = YES;
				ENABLE_USER_SCRIPT_SANDBOXING = YES;
				GCC_C_LANGUAGE_STANDARD = gnu17;
				GCC_DYNAMIC_NO_PIC = NO;
				GCC_NO_COMMON_BLOCKS = YES;
				GCC_OPTIMIZATION_LEVEL = 0;
				GCC_PREPROCESSOR_DEFINITIONS = (
					"DEBUG=1",
					"$(inherited)",
				);
				GCC_WARN_64_TO_32_BIT_CONVERSION = YES;
				GCC_WARN_ABOUT_RETURN_TYPE = YES_ERROR;
				GCC_WARN_UNDECLARED_SELECTOR = YES;
				GCC_WARN_UNINITIALIZED_AUTOS = YES_AGGRESSIVE;
				GCC_WARN_UNUSED_FUNCTION = YES;
				GCC_WARN_UNUSED_VARIABLE = YES;
				IPHONEOS_DEPLOYMENT_TARGET = 18.5;
				LOCALIZATION_PREFERS_STRING_CATALOGS = YES;
				MTL_ENABLE_DEBUG_INFO = INCLUDE_SOURCE;
				MTL_FAST_MATH = YES;
				ONLY_ACTIVE_ARCH = YES;
				SDKROOT = iphoneos;
				SWIFT_ACTIVE_COMPILATION_CONDITIONS = "DEBUG $(inherited)";
				SWIFT_OPTIMIZATION_LEVEL = "-Onone";
			};
			name = Debug;
		};
		55747CCF2E3B2A5E006A5E4C /* Release */ = {
			isa = XCBuildConfiguration;
			buildSettings = {
				ALWAYS_SEARCH_USER_PATHS = NO;
				ASSETCATALOG_COMPILER_GENERATE_SWIFT_ASSET_SYMBOL_EXTENSIONS = YES;
				CLANG_ANALYZER_NONNULL = YES;
				CLANG_ANALYZER_NUMBER_OBJECT_CONVERSION = YES_AGGRESSIVE;
				CLANG_CXX_LANGUAGE_STANDARD = "gnu++20";
				CLANG_ENABLE_MODULES = YES;
				CLANG_ENABLE_OBJC_ARC = YES;
				CLANG_ENABLE_OBJC_WEAK = YES;
				CLANG_WARN_BLOCK_CAPTURE_AUTORELEASING = YES;
				CLANG_WARN_BOOL_CONVERSION = YES;
				CLANG_WARN_COMMA = YES;
				CLANG_WARN_CONSTANT_CONVERSION = YES;
				CLANG_WARN_DEPRECATED_OBJC_IMPLEMENTATIONS = YES;
				CLANG_WARN_DIRECT_OBJC_ISA_USAGE = YES_ERROR;
				CLANG_WARN_DOCUMENTATION_COMMENTS = YES;
				CLANG_WARN_EMPTY_BODY = YES;
				CLANG_WARN_ENUM_CONVERSION = YES;
				CLANG_WARN_INFINITE_RECURSION = YES;
				CLANG_WARN_INT_CONVERSION = YES;
				CLANG_WARN_NON_LITERAL_NULL_CONVERSION = YES;
				CLANG_WARN_OBJC_IMPLICIT_RETAIN_SELF = YES;
				CLANG_WARN_OBJC_LITERAL_CONVERSION = YES;
				CLANG_WARN_OBJC_ROOT_CLASS = YES_ERROR;
				CLANG_WARN_QUOTED_INCLUDE_IN_FRAMEWORK_HEADER = YES;
				CLANG_WARN_RANGE_LOOP_ANALYSIS = YES;
				CLANG_WARN_STRICT_PROTOTYPES = YES;
				CLANG_WARN_SUSPICIOUS_MOVE = YES;
				CLANG_WARN_UNGUARDED_AVAILABILITY = YES_AGGRESSIVE;
				CLANG_WARN_UNREACHABLE_CODE = YES;
				CLANG_WARN__DUPLICATE_METHOD_MATCH = YES;
				COPY_PHASE_STRIP = NO;
				DEBUG_INFORMATION_FORMAT = "dwarf-with-dsym";
				ENABLE_NS_ASSERTIONS = NO;
				ENABLE_STRICT_OBJC_MSGSEND = YES;
				ENABLE_USER_SCRIPT_SANDBOXING = YES;
				GCC_C_LANGUAGE_STANDARD = gnu17;
				GCC_NO_COMMON_BLOCKS = YES;
				GCC_WARN_64_TO_32_BIT_CONVERSION = YES;
				GCC_WARN_ABOUT_RETURN_TYPE = YES_ERROR;
				GCC_WARN_UNDECLARED_SELECTOR = YES;
				GCC_WARN_UNINITIALIZED_AUTOS = YES_AGGRESSIVE;
				GCC_WARN_UNUSED_FUNCTION = YES;
				GCC_WARN_UNUSED_VARIABLE = YES;
				IPHONEOS_DEPLOYMENT_TARGET = 18.5;
				LOCALIZATION_PREFERS_STRING_CATALOGS = YES;
				MTL_ENABLE_DEBUG_INFO = NO;
				MTL_FAST_MATH = YES;
				SDKROOT = iphoneos;
				SWIFT_COMPILATION_MODE = wholemodule;
				VALIDATE_PRODUCT = YES;
			};
			name = Release;
		};
		55747CD12E3B2A5E006A5E4C /* Debug */ = {
			isa = XCBuildConfiguration;
			buildSettings = {
				ASSETCATALOG_COMPILER_APPICON_NAME = AppIcon;
				ASSETCATALOG_COMPILER_GLOBAL_ACCENT_COLOR_NAME = AccentColor;
				CODE_SIGN_STYLE = Automatic;
				CURRENT_PROJECT_VERSION = 1;
				ENABLE_PREVIEWS = YES;
				GENERATE_INFOPLIST_FILE = YES;
				INFOPLIST_KEY_UIApplicationSceneManifest_Generation = YES;
				INFOPLIST_KEY_UIApplicationSupportsIndirectInputEvents = YES;
				INFOPLIST_KEY_UILaunchScreen_Generation = YES;
				INFOPLIST_KEY_UISupportedInterfaceOrientations_iPad = "UIInterfaceOrientationPortrait UIInterfaceOrientationPortraitUpsideDown UIInterfaceOrientationLandscapeLeft UIInterfaceOrientationLandscapeRight";
				INFOPLIST_KEY_UISupportedInterfaceOrientations_iPhone = "UIInterfaceOrientationPortrait UIInterfaceOrientationLandscapeLeft UIInterfaceOrientationLandscapeRight";
				LD_RUNPATH_SEARCH_PATHS = (
					"$(inherited)",
					"@executable_path/Frameworks",
				);
				MARKETING_VERSION = 1.0;
				PRODUCT_BUNDLE_IDENTIFIER = "com.nikelroid.QA-image";
				PRODUCT_NAME = "$(TARGET_NAME)";
				SWIFT_EMIT_LOC_STRINGS = YES;
				SWIFT_VERSION = 5.0;
				TARGETED_DEVICE_FAMILY = "1,2";
			};
			name = Debug;
		};
		55747CD22E3B2A5E006A5E4C /* Release */ = {
			isa = XCBuildConfiguration;
			buildSettings = {
				ASSETCATALOG_COMPILER_APPICON_NAME = AppIcon;
				ASSETCATALOG_COMPILER_GLOBAL_ACCENT_COLOR_NAME = AccentColor;
				CODE_SIGN_STYLE = Automatic;
				CURRENT_PROJECT_VERSION = 1;
				ENABLE_PREVIEWS = YES;
				GENERATE_INFOPLIST_FILE = YES;
				INFOPLIST_KEY_UIApplicationSceneManifest_Generation = YES;
				INFOPLIST_KEY_UIApplicationSupportsIndirectInputEvents = YES;
				INFOPLIST_KEY_UILaunchScreen_Generation = YES;
				INFOPLIST_KEY_UISupportedInterfaceOrientations_iPad = "UIInterfaceOrientationPortrait UIInterfaceOrientationPortraitUpsideDown UIInterfaceOrientationLandscapeLeft UIInterfaceOrientationLandscapeRight";
				INFOPLIST_KEY_UISupportedInterfaceOrientations_iPhone = "UIInterfaceOrientationPortrait UIInterfaceOrientationLandscapeLeft UIInterfaceOrientationLandscapeRight";
				LD_RUNPATH_SEARCH_PATHS = (
					"$(inherited)",
					"@executable_path/Frameworks",
				);
				MARKETING_VERSION = 1.0;
				PRODUCT_BUNDLE_IDENTIFIER = "com.nikelroid.QA-image";
				PRODUCT_NAME = "$(TARGET_NAME)";
				SWIFT_EMIT_LOC_STRINGS = YES;
				SWIFT_VERSION = 5.0;
				TARGETED_DEVICE_FAMILY = "1,2";
			};
			name = Release;
		};
		55747CD42E3B2A5E006A5E4C /* Debug */ = {
			isa = XCBuildConfiguration;
			buildSettings = {
				BUNDLE_LOADER = "$(TEST_HOST)";
				CODE_SIGN_STYLE = Automatic;
				CURRENT_PROJECT_VERSION = 1;
				GENERATE_INFOPLIST_FILE = YES;
				IPHONEOS_DEPLOYMENT_TARGET = 18.5;
				MARKETING_VERSION = 1.0;
				PRODUCT_BUNDLE_IDENTIFIER = "com.nikelroid.QA-imageTests";
				PRODUCT_NAME = "$(TARGET_NAME)";
				SWIFT_EMIT_LOC_STRINGS = NO;
				SWIFT_VERSION = 5.0;
				TARGETED_DEVICE_FAMILY = "1,2";
				TEST_HOST = "$(BUILT_PRODUCTS_DIR)/QA-image.app/$(BUNDLE_EXECUTABLE_FOLDER_PATH)/QA-image";
			};
			name = Debug;
		};
		55747CD52E3B2A5E006A5E4C /* Release */ = {
			isa = XCBuildConfiguration;
			buildSettings = {
				BUNDLE_LOADER = "$(TEST_HOST)";
				CODE_SIGN_STYLE = Automatic;
				CURRENT_PROJECT_VERSION = 1;
				GENERATE_INFOPLIST_FILE = YES;
				IPHONEOS_DEPLOYMENT_TARGET = 18.5;
				MARKETING_VERSION = 1.0;
				PRODUCT_BUNDLE_IDENTIFIER = "com.nikelroid.QA-imageTests";
				PRODUCT_NAME = "$(TARGET_NAME)";
				SWIFT_EMIT_LOC_STRINGS = NO;
				SWIFT_VERSION = 5.0;
				TARGETED_DEVICE_FAMILY = "1,2";
				TEST_HOST = "$(BUILT_PRODUCTS_DIR)/QA-image.app/$(BUNDLE_EXECUTABLE_FOLDER_PATH)/QA-image";
			};
			name = Release;
		};
		55747CD72E3B2A5E006A5E4C /* Debug */ = {
			isa = XCBuildConfiguration;
			buildSettings = {
				CODE_SIGN_STYLE = Automatic;
				CURRENT_PROJECT_VERSION = 1;
				GENERATE_INFOPLIST_FILE = YES;
				MARKETING_VERSION = 1.0;
				PRODUCT_BUNDLE_IDENTIFIER = "com.nikelroid.QA-imageUITests";
				PRODUCT_NAME = "$(TARGET_NAME)";
				SWIFT_EMIT_LOC_STRINGS = NO;
				SWIFT_VERSION = 5.0;
				TARGETED_DEVICE_FAMILY = "1,2";
				TEST_TARGET_NAME = "QA-image";
			};
			name = Debug;
		};
		55747CD82E3B2A5E006A5E4C /* Release */ = {
			isa = XCBuildConfiguration;
			buildSettings = {
				CODE_SIGN_STYLE = Automatic;
				CURRENT_PROJECT_VERSION = 1;
				GENERATE_INFOPLIST_FILE = YES;
				MARKETING_VERSION = 1.0;
				PRODUCT_BUNDLE_IDENTIFIER = "com.nikelroid.QA-imageUITests";
				PRODUCT_NAME = "$(TARGET_NAME)";
				SWIFT_EMIT_LOC_STRINGS = NO;
				SWIFT_VERSION = 5.0;
				TARGETED_DEVICE_FAMILY = "1,2";
				TEST_TARGET_NAME = "QA-image";
			};
			name = Release;
		};
/* End XCBuildConfiguration section */

/* Begin XCConfigurationList section */
		55747CAA2E3B2A5D006A5E4C /* Build configuration list for PBXProject "QA-image" */ = {
			isa = XCConfigurationList;
			buildConfigurations = (
				55747CCE2E3B2A5E006A5E4C /* Debug */,
				55747CCF2E3B2A5E006A5E4C /* Release */,
			);
			defaultConfigurationIsVisible = 0;
			defaultConfigurationName = Release;
		};
		55747CD02E3B2A5E006A5E4C /* Build configuration list for PBXNativeTarget "QA-image" */ = {
			isa = XCConfigurationList;
			buildConfigurations = (
				55747CD12E3B2A5E006A5E4C /* Debug */,
				55747CD22E3B2A5E006A5E4C /* Release */,
			);
			defaultConfigurationIsVisible = 0;
			defaultConfigurationName = Release;
		};
		55747CD32E3B2A5E006A5E4C /* Build configuration list for PBXNativeTarget "QA-imageTests" */ = {
			isa = XCConfigurationList;
			buildConfigurations = (
				55747CD42E3B2A5E006A5E4C /* Debug */,
				55747CD52E3B2A5E006A5E4C /* Release */,
			);
			defaultConfigurationIsVisible = 0;
			defaultConfigurationName = Release;
		};
		55747CD62E3B2A5E006A5E4C /* Build configuration list for PBXNativeTarget "QA-imageUITests" */ = {
			isa = XCConfigurationList;
			buildConfigurations = (
				55747CD72E3B2A5E006A5E4C /* Debug */,
				55747CD82E3B2A5E006A5E4C /* Release */,
			);
			defaultConfigurationIsVisible = 0;
			defaultConfigurationName = Release;
		};
/* End XCConfigurationList section */
	};
	rootObject = 55747CA72E3B2A5D006A5E4C /* Project object */;
}
